
Microsoft Visual Studio Solution File, Format Version 12.00
# Visual Studio 15
VisualStudioVersion = 15.0.26730.15
MinimumVisualStudioVersion = 10.0.40219.1
Project("{FAE04EC0-301F-11D3-BF4B-00C04F79EFBC}") = "MillitaryApp", "MillitaryApp.csproj", "{A4002BFF-1691-4B3E-A67E-52E8EDE35CCB}"
EndProject
Global
	GlobalSection(SolutionConfigurationPlatforms) = preSolution
		Debug|x86 = Debug|x86
		Release|x86 = Release|x86
	EndGlobalSection
	GlobalSection(ProjectConfigurationPlatforms) = postSolution
		{A4002BFF-1691-4B3E-A67E-52E8EDE35CCB}.Debug|x86.ActiveCfg = Debug|x86
		{A4002BFF-1691-4B3E-A67E-52E8EDE35CCB}.Debug|x86.Build.0 = Debug|x86
		{A4002BFF-1691-4B3E-A67E-52E8EDE35CCB}.Release|x86.ActiveCfg = Release|x86
		{A4002BFF-1691-4B3E-A67E-52E8EDE35CCB}.Release|x86.Build.0 = Release|x86
	EndGlobalSection
	GlobalSection(SolutionProperties) = preSolution
		HideSolutionNode = FALSE
	EndGlobalSection
	GlobalSection(ExtensibilityGlobals) = postSolution
		SolutionGuid = {89361869-AF44-4118-A6AA-15B3D49ECF78}
	EndGlobalSection
EndGlobal
